
Microsoft Visual Studio Solution File, Format Version 12.00
# Visual Studio 15
Project("{FAE04EC0-301F-11D3-BF4B-00C04F79EFBC}") = "Assembly-CSharp", "Assembly-CSharp.csproj", "{60D54B1B-9142-F526-20EF-7242EA905F06}"
EndProject
Project("{FAE04EC0-301F-11D3-BF4B-00C04F79EFBC}") = "Assembly-CSharp-Editor", "Assembly-CSharp-Editor.csproj", "{DBFEA542-4825-E4C7-E88C-EB7C14186753}"
EndProject
Global
	GlobalSection(SolutionConfigurationPlatforms) = preSolution
		Debug|Any CPU = Debug|Any CPU
		Release|Any CPU = Release|Any CPU
	EndGlobalSection
	GlobalSection(ProjectConfigurationPlatforms) = postSolution
		{60D54B1B-9142-F526-20EF-7242EA905F06}.Debug|Any CPU.ActiveCfg = Debug|Any CPU
		{60D54B1B-9142-F526-20EF-7242EA905F06}.Debug|Any CPU.Build.0 = Debug|Any CPU
		{60D54B1B-9142-F526-20EF-7242EA905F06}.Release|Any CPU.ActiveCfg = Release|Any CPU
		{60D54B1B-9142-F526-20EF-7242EA905F06}.Release|Any CPU.Build.0 = Release|Any CPU
		{DBFEA542-4825-E4C7-E88C-EB7C14186753}.Debug|Any CPU.ActiveCfg = Debug|Any CPU
		{DBFEA542-4825-E4C7-E88C-EB7C14186753}.Debug|Any CPU.Build.0 = Debug|Any CPU
		{DBFEA542-4825-E4C7-E88C-EB7C14186753}.Release|Any CPU.ActiveCfg = Release|Any CPU
		{DBFEA542-4825-E4C7-E88C-EB7C14186753}.Release|Any CPU.Build.0 = Release|Any CPU
	EndGlobalSection
	GlobalSection(SolutionProperties) = preSolution
		HideSolutionNode = FALSE
	EndGlobalSection
EndGlobal
